
Microsoft Visual Studio Solution File, Format Version 12.00
Project("{FAE04EC0-301F-11D3-BF4B-00C04F79EFBC}") = "ChessServer.Domain", "ChessServer.Domain\ChessServer.Domain.csproj", "{596CB264-4AC8-450E-8FDE-EB57F65FC586}"
EndProject
Project("{FAE04EC0-301F-11D3-BF4B-00C04F79EFBC}") = "ChessServer.Data", "ChessServer.Data\ChessServer.Data.csproj", "{79AA41E0-A894-418D-A7E3-0389F39DA97B}"
EndProject
Project("{FAE04EC0-301F-11D3-BF4B-00C04F79EFBC}") = "ChessServer.WebApi", "ChessServer.WebApi\ChessServer.WebApi.csproj", "{ED2451DE-77FF-4CD9-87A9-0B5EECA77CA3}"
EndProject
Global
	GlobalSection(SolutionConfigurationPlatforms) = preSolution
		Debug|Any CPU = Debug|Any CPU
		Release|Any CPU = Release|Any CPU
	EndGlobalSection
	GlobalSection(ProjectConfigurationPlatforms) = postSolution
		{596CB264-4AC8-450E-8FDE-EB57F65FC586}.Debug|Any CPU.ActiveCfg = Debug|Any CPU
		{596CB264-4AC8-450E-8FDE-EB57F65FC586}.Debug|Any CPU.Build.0 = Debug|Any CPU
		{596CB264-4AC8-450E-8FDE-EB57F65FC586}.Release|Any CPU.ActiveCfg = Release|Any CPU
		{596CB264-4AC8-450E-8FDE-EB57F65FC586}.Release|Any CPU.Build.0 = Release|Any CPU
		{79AA41E0-A894-418D-A7E3-0389F39DA97B}.Debug|Any CPU.ActiveCfg = Debug|Any CPU
		{79AA41E0-A894-418D-A7E3-0389F39DA97B}.Debug|Any CPU.Build.0 = Debug|Any CPU
		{79AA41E0-A894-418D-A7E3-0389F39DA97B}.Release|Any CPU.ActiveCfg = Release|Any CPU
		{79AA41E0-A894-418D-A7E3-0389F39DA97B}.Release|Any CPU.Build.0 = Release|Any CPU
		{ED2451DE-77FF-4CD9-87A9-0B5EECA77CA3}.Debug|Any CPU.ActiveCfg = Debug|Any CPU
		{ED2451DE-77FF-4CD9-87A9-0B5EECA77CA3}.Debug|Any CPU.Build.0 = Debug|Any CPU
		{ED2451DE-77FF-4CD9-87A9-0B5EECA77CA3}.Release|Any CPU.ActiveCfg = Release|Any CPU
		{ED2451DE-77FF-4CD9-87A9-0B5EECA77CA3}.Release|Any CPU.Build.0 = Release|Any CPU
	EndGlobalSection
EndGlobal
